
Microsoft Visual Studio Solution File, Format Version 12.00
# Visual Studio 14
VisualStudioVersion = 14.0.24720.0
MinimumVisualStudioVersion = 10.0.40219.1
Project("{FAE04EC0-301F-11D3-BF4B-00C04F79EFBC}") = "Lecture 2", "Lecture 2\Lecture 2.csproj", "{A01AB91F-C2FE-4C5C-AD2A-E22600867A5E}"
EndProject
Global
	GlobalSection(SolutionConfigurationPlatforms) = preSolution
		Debug|Any CPU = Debug|Any CPU
		Release|Any CPU = Release|Any CPU
	EndGlobalSection
	GlobalSection(ProjectConfigurationPlatforms) = postSolution
		{A01AB91F-C2FE-4C5C-AD2A-E22600867A5E}.Debug|Any CPU.ActiveCfg = Debug|Any CPU
		{A01AB91F-C2FE-4C5C-AD2A-E22600867A5E}.Debug|Any CPU.Build.0 = Debug|Any CPU
		{A01AB91F-C2FE-4C5C-AD2A-E22600867A5E}.Release|Any CPU.ActiveCfg = Release|Any CPU
		{A01AB91F-C2FE-4C5C-AD2A-E22600867A5E}.Release|Any CPU.Build.0 = Release|Any CPU
	EndGlobalSection
	GlobalSection(SolutionProperties) = preSolution
		HideSolutionNode = FALSE
	EndGlobalSection
EndGlobal
